// !$*UTF8*$!
{
	archiveVersion = 1;
	classes = {
	};
	objectVersion = 56;
	objects = {

/* Begin PBXBuildFile section */
		0C44B9872ADC3B2400176882 /* RegistrationView.swift in Sources */ = {isa = PBXBuildFile; fileRef = 0C44B9862ADC3B2400176882 /* RegistrationView.swift */; };
		0C44B98A2ADC459800176882 /* ThreadTextFieldModifier.swift in Sources */ = {isa = PBXBuildFile; fileRef = 0C44B9892ADC459800176882 /* ThreadTextFieldModifier.swift */; };
		0C4FA9AA2ADF1199000FEC85 /* ThreadCell.swift in Sources */ = {isa = PBXBuildFile; fileRef = 0C4FA9A92ADF1199000FEC85 /* ThreadCell.swift */; };
		0C51B40C2ADBE2B2006A6C81 /* ThreadsTutorialApp.swift in Sources */ = {isa = PBXBuildFile; fileRef = 0C51B40B2ADBE2B2006A6C81 /* ThreadsTutorialApp.swift */; };
		0C51B40E2ADBE2B2006A6C81 /* ContentView.swift in Sources */ = {isa = PBXBuildFile; fileRef = 0C51B40D2ADBE2B2006A6C81 /* ContentView.swift */; };
		0C51B4102ADBE2B3006A6C81 /* Assets.xcassets in Resources */ = {isa = PBXBuildFile; fileRef = 0C51B40F2ADBE2B3006A6C81 /* Assets.xcassets */; };
		0C51B4132ADBE2B3006A6C81 /* Preview Assets.xcassets in Resources */ = {isa = PBXBuildFile; fileRef = 0C51B4122ADBE2B3006A6C81 /* Preview Assets.xcassets */; };
		0C51B4262ADBE3A0006A6C81 /* LoginView.swift in Sources */ = {isa = PBXBuildFile; fileRef = 0C51B4252ADBE3A0006A6C81 /* LoginView.swift */; };
		0CA3E63F2AE449CC0073A392 /* ProfileThreadFilter.swift in Sources */ = {isa = PBXBuildFile; fileRef = 0CA3E63E2AE449CC0073A392 /* ProfileThreadFilter.swift */; };
		0CA3E6432AE452CC0073A392 /* EditProfileView.swift in Sources */ = {isa = PBXBuildFile; fileRef = 0CA3E6422AE452CC0073A392 /* EditProfileView.swift */; };
		0CB0BD9B2ADDAE4700A2E615 /* ThreadsTabView.swift in Sources */ = {isa = PBXBuildFile; fileRef = 0CB0BD9A2ADDAE4700A2E615 /* ThreadsTabView.swift */; };
		0CB0BD9F2ADDB07000A2E615 /* FeedView.swift in Sources */ = {isa = PBXBuildFile; fileRef = 0CB0BD9E2ADDB07000A2E615 /* FeedView.swift */; };
		0CB0BDA32ADDB0A300A2E615 /* ExploreView.swift in Sources */ = {isa = PBXBuildFile; fileRef = 0CB0BDA22ADDB0A300A2E615 /* ExploreView.swift */; };
		0CB0BDA72ADDB0E000A2E615 /* CreateThreadView.swift in Sources */ = {isa = PBXBuildFile; fileRef = 0CB0BDA62ADDB0E000A2E615 /* CreateThreadView.swift */; };
		0CB0BDAB2ADDB11800A2E615 /* ActivityView.swift in Sources */ = {isa = PBXBuildFile; fileRef = 0CB0BDAA2ADDB11800A2E615 /* ActivityView.swift */; };
		0CB0BDAF2ADDB13900A2E615 /* ProfileView.swift in Sources */ = {isa = PBXBuildFile; fileRef = 0CB0BDAE2ADDB13900A2E615 /* ProfileView.swift */; };
		0CC2DF222AE41E9E003AEF8E /* CircularProfileImage.swift in Sources */ = {isa = PBXBuildFile; fileRef = 0CC2DF212AE41E9E003AEF8E /* CircularProfileImage.swift */; };
		0CC2DF242AE41F35003AEF8E /* UserCell.swift in Sources */ = {isa = PBXBuildFile; fileRef = 0CC2DF232AE41F35003AEF8E /* UserCell.swift */; };
/* End PBXBuildFile section */

/* Begin PBXFileReference section */
		0C44B9862ADC3B2400176882 /* RegistrationView.swift */ = {isa = PBXFileReference; lastKnownFileType = sourcecode.swift; path = RegistrationView.swift; sourceTree = "<group>"; };
		0C44B9892ADC459800176882 /* ThreadTextFieldModifier.swift */ = {isa = PBXFileReference; lastKnownFileType = sourcecode.swift; path = ThreadTextFieldModifier.swift; sourceTree = "<group>"; };
		0C4FA9A92ADF1199000FEC85 /* ThreadCell.swift */ = {isa = PBXFileReference; lastKnownFileType = sourcecode.swift; path = ThreadCell.swift; sourceTree = "<group>"; };
		0C51B4082ADBE2B2006A6C81 /* ThreadsTutorial.app */ = {isa = PBXFileReference; explicitFileType = wrapper.application; includeInIndex = 0; path = ThreadsTutorial.app; sourceTree = BUILT_PRODUCTS_DIR; };
		0C51B40B2ADBE2B2006A6C81 /* ThreadsTutorialApp.swift */ = {isa = PBXFileReference; lastKnownFileType = sourcecode.swift; path = ThreadsTutorialApp.swift; sourceTree = "<group>"; };
		0C51B40D2ADBE2B2006A6C81 /* ContentView.swift */ = {isa = PBXFileReference; lastKnownFileType = sourcecode.swift; path = ContentView.swift; sourceTree = "<group>"; };
		0C51B40F2ADBE2B3006A6C81 /* Assets.xcassets */ = {isa = PBXFileReference; lastKnownFileType = folder.assetcatalog; path = Assets.xcassets; sourceTree = "<group>"; };
		0C51B4122ADBE2B3006A6C81 /* Preview Assets.xcassets */ = {isa = PBXFileReference; lastKnownFileType = folder.assetcatalog; path = "Preview Assets.xcassets"; sourceTree = "<group>"; };
		0C51B4252ADBE3A0006A6C81 /* LoginView.swift */ = {isa = PBXFileReference; lastKnownFileType = sourcecode.swift; path = LoginView.swift; sourceTree = "<group>"; };
		0CA3E63E2AE449CC0073A392 /* ProfileThreadFilter.swift */ = {isa = PBXFileReference; lastKnownFileType = sourcecode.swift; path = ProfileThreadFilter.swift; sourceTree = "<group>"; };
		0CA3E6422AE452CC0073A392 /* EditProfileView.swift */ = {isa = PBXFileReference; lastKnownFileType = sourcecode.swift; path = EditProfileView.swift; sourceTree = "<group>"; };
		0CB0BD9A2ADDAE4700A2E615 /* ThreadsTabView.swift */ = {isa = PBXFileReference; lastKnownFileType = sourcecode.swift; path = ThreadsTabView.swift; sourceTree = "<group>"; };
		0CB0BD9E2ADDB07000A2E615 /* FeedView.swift */ = {isa = PBXFileReference; lastKnownFileType = sourcecode.swift; path = FeedView.swift; sourceTree = "<group>"; };
		0CB0BDA22ADDB0A300A2E615 /* ExploreView.swift */ = {isa = PBXFileReference; lastKnownFileType = sourcecode.swift; path = ExploreView.swift; sourceTree = "<group>"; };
		0CB0BDA62ADDB0E000A2E615 /* CreateThreadView.swift */ = {isa = PBXFileReference; lastKnownFileType = sourcecode.swift; path = CreateThreadView.swift; sourceTree = "<group>"; };
		0CB0BDAA2ADDB11800A2E615 /* ActivityView.swift */ = {isa = PBXFileReference; lastKnownFileType = sourcecode.swift; path = ActivityView.swift; sourceTree = "<group>"; };
		0CB0BDAE2ADDB13900A2E615 /* ProfileView.swift */ = {isa = PBXFileReference; lastKnownFileType = sourcecode.swift; path = ProfileView.swift; sourceTree = "<group>"; };
		0CC2DF212AE41E9E003AEF8E /* CircularProfileImage.swift */ = {isa = PBXFileReference; lastKnownFileType = sourcecode.swift; path = CircularProfileImage.swift; sourceTree = "<group>"; };
		0CC2DF232AE41F35003AEF8E /* UserCell.swift */ = {isa = PBXFileReference; lastKnownFileType = sourcecode.swift; path = UserCell.swift; sourceTree = "<group>"; };
/* End PBXFileReference section */

/* Begin PBXFrameworksBuildPhase section */
		0C51B4052ADBE2B2006A6C81 /* Frameworks */ = {
			isa = PBXFrameworksBuildPhase;
			buildActionMask = 2147483647;
			files = (
			);
			runOnlyForDeploymentPostprocessing = 0;
		};
/* End PBXFrameworksBuildPhase section */

/* Begin PBXGroup section */
		0C44B9882ADC456600176882 /* ViewModifier */ = {
			isa = PBXGroup;
			children = (
				0C44B9892ADC459800176882 /* ThreadTextFieldModifier.swift */,
			);
			path = ViewModifier;
			sourceTree = "<group>";
		};
		0C51B3FF2ADBE2B2006A6C81 = {
			isa = PBXGroup;
			children = (
				0C51B40A2ADBE2B2006A6C81 /* ThreadsTutorial */,
				0C51B4092ADBE2B2006A6C81 /* Products */,
			);
			sourceTree = "<group>";
		};
		0C51B4092ADBE2B2006A6C81 /* Products */ = {
			isa = PBXGroup;
			children = (
				0C51B4082ADBE2B2006A6C81 /* ThreadsTutorial.app */,
			);
			name = Products;
			sourceTree = "<group>";
		};
		0C51B40A2ADBE2B2006A6C81 /* ThreadsTutorial */ = {
			isa = PBXGroup;
			children = (
				0C51B4212ADBE314006A6C81 /* App */,
				0C51B4202ADBE310006A6C81 /* Core */,
				0C51B41F2ADBE30D006A6C81 /* Extensions */,
				0C51B41D2ADBE301006A6C81 /* Modals */,
				0C51B41C2ADBE2F6006A6C81 /* Services */,
				0C51B4192ADBE2E7006A6C81 /* Utility */,
				0C51B40F2ADBE2B3006A6C81 /* Assets.xcassets */,
				0C51B4112ADBE2B3006A6C81 /* Preview Content */,
			);
			path = ThreadsTutorial;
			sourceTree = "<group>";
		};
		0C51B4112ADBE2B3006A6C81 /* Preview Content */ = {
			isa = PBXGroup;
			children = (
				0C51B4122ADBE2B3006A6C81 /* Preview Assets.xcassets */,
			);
			path = "Preview Content";
			sourceTree = "<group>";
		};
		0C51B4192ADBE2E7006A6C81 /* Utility */ = {
			isa = PBXGroup;
			children = (
				0C44B9882ADC456600176882 /* ViewModifier */,
			);
			path = Utility;
			sourceTree = "<group>";
		};
		0C51B41C2ADBE2F6006A6C81 /* Services */ = {
			isa = PBXGroup;
			children = (
			);
			path = Services;
			sourceTree = "<group>";
		};
		0C51B41D2ADBE301006A6C81 /* Modals */ = {
			isa = PBXGroup;
			children = (
			);
			path = Modals;
			sourceTree = "<group>";
		};
		0C51B41F2ADBE30D006A6C81 /* Extensions */ = {
			isa = PBXGroup;
			children = (
			);
			path = Extensions;
			sourceTree = "<group>";
		};
		0C51B4202ADBE310006A6C81 /* Core */ = {
			isa = PBXGroup;
			children = (
				0CC2DF202AE41E8A003AEF8E /* Componets */,
				0CB0BDA82ADDB10400A2E615 /* Activity */,
				0C51B4222ADBE35B006A6C81 /* Authentication */,
				0CB0BDA02ADDB09700A2E615 /* Explore */,
				0CB0BD9C2ADDB05D00A2E615 /* Feed */,
				0CB0BDAC2ADDB12800A2E615 /* Profile */,
				0CB0BDA42ADDB0BC00A2E615 /* ThreadsCreation */,
				0CB0BD992ADDAE1F00A2E615 /* TabBar */,
				0C51B4232ADBE367006A6C81 /* Root */,
			);
			path = Core;
			sourceTree = "<group>";
		};
		0C51B4212ADBE314006A6C81 /* App */ = {
			isa = PBXGroup;
			children = (
				0C51B40B2ADBE2B2006A6C81 /* ThreadsTutorialApp.swift */,
			);
			path = App;
			sourceTree = "<group>";
		};
		0C51B4222ADBE35B006A6C81 /* Authentication */ = {
			isa = PBXGroup;
			children = (
				0C51B4242ADBE393006A6C81 /* Views */,
			);
			path = Authentication;
			sourceTree = "<group>";
		};
		0C51B4232ADBE367006A6C81 /* Root */ = {
			isa = PBXGroup;
			children = (
				0C51B40D2ADBE2B2006A6C81 /* ContentView.swift */,
			);
			path = Root;
			sourceTree = "<group>";
		};
		0C51B4242ADBE393006A6C81 /* Views */ = {
			isa = PBXGroup;
			children = (
				0C51B4252ADBE3A0006A6C81 /* LoginView.swift */,
				0C44B9862ADC3B2400176882 /* RegistrationView.swift */,
			);
			path = Views;
			sourceTree = "<group>";
		};
		0CA3E63D2AE442410073A392 /* Modal */ = {
			isa = PBXGroup;
			children = (
				0CA3E63E2AE449CC0073A392 /* ProfileThreadFilter.swift */,
			);
			path = Modal;
			sourceTree = "<group>";
		};
		0CA3E6402AE451E00073A392 /* EditProfile */ = {
			isa = PBXGroup;
			children = (
				0CA3E6412AE452C00073A392 /* View */,
			);
			path = EditProfile;
			sourceTree = "<group>";
		};
		0CA3E6412AE452C00073A392 /* View */ = {
			isa = PBXGroup;
			children = (
				0CA3E6422AE452CC0073A392 /* EditProfileView.swift */,
			);
			path = View;
			sourceTree = "<group>";
		};
		0CB0BD992ADDAE1F00A2E615 /* TabBar */ = {
			isa = PBXGroup;
			children = (
				0CB0BD9A2ADDAE4700A2E615 /* ThreadsTabView.swift */,
			);
			path = TabBar;
			sourceTree = "<group>";
		};
		0CB0BD9C2ADDB05D00A2E615 /* Feed */ = {
			isa = PBXGroup;
			children = (
				0CB0BD9D2ADDB06400A2E615 /* View */,
			);
			path = Feed;
			sourceTree = "<group>";
		};
		0CB0BD9D2ADDB06400A2E615 /* View */ = {
			isa = PBXGroup;
			children = (
				0CB0BD9E2ADDB07000A2E615 /* FeedView.swift */,
				0C4FA9A92ADF1199000FEC85 /* ThreadCell.swift */,
			);
			path = View;
			sourceTree = "<group>";
		};
		0CB0BDA02ADDB09700A2E615 /* Explore */ = {
			isa = PBXGroup;
			children = (
				0CB0BDA12ADDB09E00A2E615 /* View */,
			);
			path = Explore;
			sourceTree = "<group>";
		};
		0CB0BDA12ADDB09E00A2E615 /* View */ = {
			isa = PBXGroup;
			children = (
				0CB0BDA22ADDB0A300A2E615 /* ExploreView.swift */,
			);
			path = View;
			sourceTree = "<group>";
		};
		0CB0BDA42ADDB0BC00A2E615 /* ThreadsCreation */ = {
			isa = PBXGroup;
			children = (
				0CB0BDA52ADDB0C600A2E615 /* View */,
			);
			path = ThreadsCreation;
			sourceTree = "<group>";
		};
		0CB0BDA52ADDB0C600A2E615 /* View */ = {
			isa = PBXGroup;
			children = (
				0CB0BDA62ADDB0E000A2E615 /* CreateThreadView.swift */,
			);
			path = View;
			sourceTree = "<group>";
		};
		0CB0BDA82ADDB10400A2E615 /* Activity */ = {
			isa = PBXGroup;
			children = (
				0CB0BDA92ADDB11000A2E615 /* View */,
			);
			path = Activity;
			sourceTree = "<group>";
		};
		0CB0BDA92ADDB11000A2E615 /* View */ = {
			isa = PBXGroup;
			children = (
				0CB0BDAA2ADDB11800A2E615 /* ActivityView.swift */,
			);
			path = View;
			sourceTree = "<group>";
		};
		0CB0BDAC2ADDB12800A2E615 /* Profile */ = {
			isa = PBXGroup;
			children = (
				0CA3E6402AE451E00073A392 /* EditProfile */,
				0CA3E63D2AE442410073A392 /* Modal */,
				0CB0BDAD2ADDB13100A2E615 /* View */,
			);
			path = Profile;
			sourceTree = "<group>";
		};
		0CB0BDAD2ADDB13100A2E615 /* View */ = {
			isa = PBXGroup;
			children = (
				0CB0BDAE2ADDB13900A2E615 /* ProfileView.swift */,
			);
			path = View;
			sourceTree = "<group>";
		};
		0CC2DF202AE41E8A003AEF8E /* Componets */ = {
			isa = PBXGroup;
			children = (
				0CC2DF212AE41E9E003AEF8E /* CircularProfileImage.swift */,
				0CC2DF232AE41F35003AEF8E /* UserCell.swift */,
			);
			path = Componets;
			sourceTree = "<group>";
		};
/* End PBXGroup section */

/* Begin PBXNativeTarget section */
		0C51B4072ADBE2B2006A6C81 /* ThreadsTutorial */ = {
			isa = PBXNativeTarget;
			buildConfigurationList = 0C51B4162ADBE2B3006A6C81 /* Build configuration list for PBXNativeTarget "ThreadsTutorial" */;
			buildPhases = (
				0C51B4042ADBE2B2006A6C81 /* Sources */,
				0C51B4052ADBE2B2006A6C81 /* Frameworks */,
				0C51B4062ADBE2B2006A6C81 /* Resources */,
			);
			buildRules = (
			);
			dependencies = (
			);
			name = ThreadsTutorial;
			productName = ThreadsTutorial;
			productReference = 0C51B4082ADBE2B2006A6C81 /* ThreadsTutorial.app */;
			productType = "com.apple.product-type.application";
		};
/* End PBXNativeTarget section */

/* Begin PBXProject section */
		0C51B4002ADBE2B2006A6C81 /* Project object */ = {
			isa = PBXProject;
			attributes = {
				BuildIndependentTargetsInParallel = 1;
				LastSwiftUpdateCheck = 1500;
				LastUpgradeCheck = 1500;
				TargetAttributes = {
					0C51B4072ADBE2B2006A6C81 = {
						CreatedOnToolsVersion = 15.0;
					};
				};
			};
			buildConfigurationList = 0C51B4032ADBE2B2006A6C81 /* Build configuration list for PBXProject "ThreadsTutorial" */;
			compatibilityVersion = "Xcode 14.0";
			developmentRegion = en;
			hasScannedForEncodings = 0;
			knownRegions = (
				en,
				Base,
			);
			mainGroup = 0C51B3FF2ADBE2B2006A6C81;
			productRefGroup = 0C51B4092ADBE2B2006A6C81 /* Products */;
			projectDirPath = "";
			projectRoot = "";
			targets = (
				0C51B4072ADBE2B2006A6C81 /* ThreadsTutorial */,
			);
		};
/* End PBXProject section */

/* Begin PBXResourcesBuildPhase section */
		0C51B4062ADBE2B2006A6C81 /* Resources */ = {
			isa = PBXResourcesBuildPhase;
			buildActionMask = 2147483647;
			files = (
				0C51B4132ADBE2B3006A6C81 /* Preview Assets.xcassets in Resources */,
				0C51B4102ADBE2B3006A6C81 /* Assets.xcassets in Resources */,
			);
			runOnlyForDeploymentPostprocessing = 0;
		};
/* End PBXResourcesBuildPhase section */

/* Begin PBXSourcesBuildPhase section */
		0C51B4042ADBE2B2006A6C81 /* Sources */ = {
			isa = PBXSourcesBuildPhase;
			buildActionMask = 2147483647;
			files = (
				0CC2DF222AE41E9E003AEF8E /* CircularProfileImage.swift in Sources */,
				0CB0BD9F2ADDB07000A2E615 /* FeedView.swift in Sources */,
				0CA3E6432AE452CC0073A392 /* EditProfileView.swift in Sources */,
				0C51B4262ADBE3A0006A6C81 /* LoginView.swift in Sources */,
				0C51B40E2ADBE2B2006A6C81 /* ContentView.swift in Sources */,
				0C4FA9AA2ADF1199000FEC85 /* ThreadCell.swift in Sources */,
				0CB0BDAB2ADDB11800A2E615 /* ActivityView.swift in Sources */,
				0CC2DF242AE41F35003AEF8E /* UserCell.swift in Sources */,
				0CB0BDA72ADDB0E000A2E615 /* CreateThreadView.swift in Sources */,
				0CA3E63F2AE449CC0073A392 /* ProfileThreadFilter.swift in Sources */,
				0CB0BD9B2ADDAE4700A2E615 /* ThreadsTabView.swift in Sources */,
				0C51B40C2ADBE2B2006A6C81 /* ThreadsTutorialApp.swift in Sources */,
				0C44B98A2ADC459800176882 /* ThreadTextFieldModifier.swift in Sources */,
				0CB0BDA32ADDB0A300A2E615 /* ExploreView.swift in Sources */,
				0CB0BDAF2ADDB13900A2E615 /* ProfileView.swift in Sources */,
				0C44B9872ADC3B2400176882 /* RegistrationView.swift in Sources */,
			);
			runOnlyForDeploymentPostprocessing = 0;
		};
/* End PBXSourcesBuildPhase section */

/* Begin XCBuildConfiguration section */
		0C51B4142ADBE2B3006A6C81 /* Debug */ = {
			isa = XCBuildConfiguration;
			buildSettings = {
				ALWAYS_SEARCH_USER_PATHS = NO;
				ASSETCATALOG_COMPILER_GENERATE_SWIFT_ASSET_SYMBOL_EXTENSIONS = YES;
				CLANG_ANALYZER_NONNULL = YES;
				CLANG_ANALYZER_NUMBER_OBJECT_CONVERSION = YES_AGGRESSIVE;
				CLANG_CXX_LANGUAGE_STANDARD = "gnu++20";
				CLANG_ENABLE_MODULES = YES;
				CLANG_ENABLE_OBJC_ARC = YES;
				CLANG_ENABLE_OBJC_WEAK = YES;
				CLANG_WARN_BLOCK_CAPTURE_AUTORELEASING = YES;
				CLANG_WARN_BOOL_CONVERSION = YES;
				CLANG_WARN_COMMA = YES;
				CLANG_WARN_CONSTANT_CONVERSION = YES;
				CLANG_WARN_DEPRECATED_OBJC_IMPLEMENTATIONS = YES;
				CLANG_WARN_DIRECT_OBJC_ISA_USAGE = YES_ERROR;
				CLANG_WARN_DOCUMENTATION_COMMENTS = YES;
				CLANG_WARN_EMPTY_BODY = YES;
				CLANG_WARN_ENUM_CONVERSION = YES;
				CLANG_WARN_INFINITE_RECURSION = YES;
				CLANG_WARN_INT_CONVERSION = YES;
				CLANG_WARN_NON_LITERAL_NULL_CONVERSION = YES;
				CLANG_WARN_OBJC_IMPLICIT_RETAIN_SELF = YES;
				CLANG_WARN_OBJC_LITERAL_CONVERSION = YES;
				CLANG_WARN_OBJC_ROOT_CLASS = YES_ERROR;
				CLANG_WARN_QUOTED_INCLUDE_IN_FRAMEWORK_HEADER = YES;
				CLANG_WARN_RANGE_LOOP_ANALYSIS = YES;
				CLANG_WARN_STRICT_PROTOTYPES = YES;
				CLANG_WARN_SUSPICIOUS_MOVE = YES;
				CLANG_WARN_UNGUARDED_AVAILABILITY = YES_AGGRESSIVE;
				CLANG_WARN_UNREACHABLE_CODE = YES;
				CLANG_WARN__DUPLICATE_METHOD_MATCH = YES;
				COPY_PHASE_STRIP = NO;
				DEBUG_INFORMATION_FORMAT = dwarf;
				ENABLE_STRICT_OBJC_MSGSEND = YES;
				ENABLE_TESTABILITY = YES;
				ENABLE_USER_SCRIPT_SANDBOXING = YES;
				GCC_C_LANGUAGE_STANDARD = gnu17;
				GCC_DYNAMIC_NO_PIC = NO;
				GCC_NO_COMMON_BLOCKS = YES;
				GCC_OPTIMIZATION_LEVEL = 0;
				GCC_PREPROCESSOR_DEFINITIONS = (
					"DEBUG=1",
					"$(inherited)",
				);
				GCC_WARN_64_TO_32_BIT_CONVERSION = YES;
				GCC_WARN_ABOUT_RETURN_TYPE = YES_ERROR;
				GCC_WARN_UNDECLARED_SELECTOR = YES;
				GCC_WARN_UNINITIALIZED_AUTOS = YES_AGGRESSIVE;
				GCC_WARN_UNUSED_FUNCTION = YES;
				GCC_WARN_UNUSED_VARIABLE = YES;
				IPHONEOS_DEPLOYMENT_TARGET = 17.0;
				LOCALIZATION_PREFERS_STRING_CATALOGS = YES;
				MTL_ENABLE_DEBUG_INFO = INCLUDE_SOURCE;
				MTL_FAST_MATH = YES;
				ONLY_ACTIVE_ARCH = YES;
				SDKROOT = iphoneos;
				SWIFT_ACTIVE_COMPILATION_CONDITIONS = "DEBUG $(inherited)";
				SWIFT_OPTIMIZATION_LEVEL = "-Onone";
			};
			name = Debug;
		};
		0C51B4152ADBE2B3006A6C81 /* Release */ = {
			isa = XCBuildConfiguration;
			buildSettings = {
				ALWAYS_SEARCH_USER_PATHS = NO;
				ASSETCATALOG_COMPILER_GENERATE_SWIFT_ASSET_SYMBOL_EXTENSIONS = YES;
				CLANG_ANALYZER_NONNULL = YES;
				CLANG_ANALYZER_NUMBER_OBJECT_CONVERSION = YES_AGGRESSIVE;
				CLANG_CXX_LANGUAGE_STANDARD = "gnu++20";
				CLANG_ENABLE_MODULES = YES;
				CLANG_ENABLE_OBJC_ARC = YES;
				CLANG_ENABLE_OBJC_WEAK = YES;
				CLANG_WARN_BLOCK_CAPTURE_AUTORELEASING = YES;
				CLANG_WARN_BOOL_CONVERSION = YES;
				CLANG_WARN_COMMA = YES;
				CLANG_WARN_CONSTANT_CONVERSION = YES;
				CLANG_WARN_DEPRECATED_OBJC_IMPLEMENTATIONS = YES;
				CLANG_WARN_DIRECT_OBJC_ISA_USAGE = YES_ERROR;
				CLANG_WARN_DOCUMENTATION_COMMENTS = YES;
				CLANG_WARN_EMPTY_BODY = YES;
				CLANG_WARN_ENUM_CONVERSION = YES;
				CLANG_WARN_INFINITE_RECURSION = YES;
				CLANG_WARN_INT_CONVERSION = YES;
				CLANG_WARN_NON_LITERAL_NULL_CONVERSION = YES;
				CLANG_WARN_OBJC_IMPLICIT_RETAIN_SELF = YES;
				CLANG_WARN_OBJC_LITERAL_CONVERSION = YES;
				CLANG_WARN_OBJC_ROOT_CLASS = YES_ERROR;
				CLANG_WARN_QUOTED_INCLUDE_IN_FRAMEWORK_HEADER = YES;
				CLANG_WARN_RANGE_LOOP_ANALYSIS = YES;
				CLANG_WARN_STRICT_PROTOTYPES = YES;
				CLANG_WARN_SUSPICIOUS_MOVE = YES;
				CLANG_WARN_UNGUARDED_AVAILABILITY = YES_AGGRESSIVE;
				CLANG_WARN_UNREACHABLE_CODE = YES;
				CLANG_WARN__DUPLICATE_METHOD_MATCH = YES;
				COPY_PHASE_STRIP = NO;
				DEBUG_INFORMATION_FORMAT = "dwarf-with-dsym";
				ENABLE_NS_ASSERTIONS = NO;
				ENABLE_STRICT_OBJC_MSGSEND = YES;
				ENABLE_USER_SCRIPT_SANDBOXING = YES;
				GCC_C_LANGUAGE_STANDARD = gnu17;
				GCC_NO_COMMON_BLOCKS = YES;
				GCC_WARN_64_TO_32_BIT_CONVERSION = YES;
				GCC_WARN_ABOUT_RETURN_TYPE = YES_ERROR;
				GCC_WARN_UNDECLARED_SELECTOR = YES;
				GCC_WARN_UNINITIALIZED_AUTOS = YES_AGGRESSIVE;
				GCC_WARN_UNUSED_FUNCTION = YES;
				GCC_WARN_UNUSED_VARIABLE = YES;
				IPHONEOS_DEPLOYMENT_TARGET = 17.0;
				LOCALIZATION_PREFERS_STRING_CATALOGS = YES;
				MTL_ENABLE_DEBUG_INFO = NO;
				MTL_FAST_MATH = YES;
				SDKROOT = iphoneos;
				SWIFT_COMPILATION_MODE = wholemodule;
				VALIDATE_PRODUCT = YES;
			};
			name = Release;
		};
		0C51B4172ADBE2B3006A6C81 /* Debug */ = {
			isa = XCBuildConfiguration;
			buildSettings = {
				ASSETCATALOG_COMPILER_APPICON_NAME = AppIcon;
				ASSETCATALOG_COMPILER_GLOBAL_ACCENT_COLOR_NAME = AccentColor;
				CODE_SIGN_STYLE = Automatic;
				CURRENT_PROJECT_VERSION = 1;
				DEVELOPMENT_ASSET_PATHS = "\"ThreadsTutorial/Preview Content\"";
				DEVELOPMENT_TEAM = 677WTAT3WT;
				ENABLE_PREVIEWS = YES;
				GENERATE_INFOPLIST_FILE = YES;
				INFOPLIST_KEY_UIApplicationSceneManifest_Generation = YES;
				INFOPLIST_KEY_UIApplicationSupportsIndirectInputEvents = YES;
				INFOPLIST_KEY_UILaunchScreen_Generation = YES;
				INFOPLIST_KEY_UISupportedInterfaceOrientations_iPad = "UIInterfaceOrientationPortrait UIInterfaceOrientationPortraitUpsideDown UIInterfaceOrientationLandscapeLeft UIInterfaceOrientationLandscapeRight";
				INFOPLIST_KEY_UISupportedInterfaceOrientations_iPhone = "UIInterfaceOrientationPortrait UIInterfaceOrientationLandscapeLeft UIInterfaceOrientationLandscapeRight";
				LD_RUNPATH_SEARCH_PATHS = (
					"$(inherited)",
					"@executable_path/Frameworks",
				);
				MARKETING_VERSION = 1.0;
				PRODUCT_BUNDLE_IDENTIFIER = com.test.ThreadsTutorial;
				PRODUCT_NAME = "$(TARGET_NAME)";
				SWIFT_EMIT_LOC_STRINGS = YES;
				SWIFT_VERSION = 5.0;
				TARGETED_DEVICE_FAMILY = "1,2";
			};
			name = Debug;
		};
		0C51B4182ADBE2B3006A6C81 /* Release */ = {
			isa = XCBuildConfiguration;
			buildSettings = {
				ASSETCATALOG_COMPILER_APPICON_NAME = AppIcon;
				ASSETCATALOG_COMPILER_GLOBAL_ACCENT_COLOR_NAME = AccentColor;
				CODE_SIGN_STYLE = Automatic;
				CURRENT_PROJECT_VERSION = 1;
				DEVELOPMENT_ASSET_PATHS = "\"ThreadsTutorial/Preview Content\"";
				DEVELOPMENT_TEAM = 677WTAT3WT;
				ENABLE_PREVIEWS = YES;
				GENERATE_INFOPLIST_FILE = YES;
				INFOPLIST_KEY_UIApplicationSceneManifest_Generation = YES;
				INFOPLIST_KEY_UIApplicationSupportsIndirectInputEvents = YES;
				INFOPLIST_KEY_UILaunchScreen_Generation = YES;
				INFOPLIST_KEY_UISupportedInterfaceOrientations_iPad = "UIInterfaceOrientationPortrait UIInterfaceOrientationPortraitUpsideDown UIInterfaceOrientationLandscapeLeft UIInterfaceOrientationLandscapeRight";
				INFOPLIST_KEY_UISupportedInterfaceOrientations_iPhone = "UIInterfaceOrientationPortrait UIInterfaceOrientationLandscapeLeft UIInterfaceOrientationLandscapeRight";
				LD_RUNPATH_SEARCH_PATHS = (
					"$(inherited)",
					"@executable_path/Frameworks",
				);
				MARKETING_VERSION = 1.0;
				PRODUCT_BUNDLE_IDENTIFIER = com.test.ThreadsTutorial;
				PRODUCT_NAME = "$(TARGET_NAME)";
				SWIFT_EMIT_LOC_STRINGS = YES;
				SWIFT_VERSION = 5.0;
				TARGETED_DEVICE_FAMILY = "1,2";
			};
			name = Release;
		};
/* End XCBuildConfiguration section */

/* Begin XCConfigurationList section */
		0C51B4032ADBE2B2006A6C81 /* Build configuration list for PBXProject "ThreadsTutorial" */ = {
			isa = XCConfigurationList;
			buildConfigurations = (
				0C51B4142ADBE2B3006A6C81 /* Debug */,
				0C51B4152ADBE2B3006A6C81 /* Release */,
			);
			defaultConfigurationIsVisible = 0;
			defaultConfigurationName = Release;
		};
		0C51B4162ADBE2B3006A6C81 /* Build configuration list for PBXNativeTarget "ThreadsTutorial" */ = {
			isa = XCConfigurationList;
			buildConfigurations = (
				0C51B4172ADBE2B3006A6C81 /* Debug */,
				0C51B4182ADBE2B3006A6C81 /* Release */,
			);
			defaultConfigurationIsVisible = 0;
			defaultConfigurationName = Release;
		};
/* End XCConfigurationList section */
	};
	rootObject = 0C51B4002ADBE2B2006A6C81 /* Project object */;
}
