// !$*UTF8*$!
{
	archiveVersion = 1;
	classes = {
	};
	objectVersion = 56;
	objects = {

/* Begin PBXBuildFile section */
		0C44B9872ADC3B2400176882 /* RegistrationView.swift in Sources */ = {isa = PBXBuildFile; fileRef = 0C44B9862ADC3B2400176882 /* RegistrationView.swift */; };
		0C44B98A2ADC459800176882 /* ThreadTextFieldModifier.swift in Sources */ = {isa = PBXBuildFile; fileRef = 0C44B9892ADC459800176882 /* ThreadTextFieldModifier.swift */; };
		0C4FA9AA2ADF1199000FEC85 /* ThreadCell.swift in Sources */ = {isa = PBXBuildFile; fileRef = 0C4FA9A92ADF1199000FEC85 /* ThreadCell.swift */; };
		0C51B40C2ADBE2B2006A6C81 /* ThreadsTutorialApp.swift in Sources */ = {isa = PBXBuildFile; fileRef = 0C51B40B2ADBE2B2006A6C81 /* ThreadsTutorialApp.swift */; };
		0C51B40E2ADBE2B2006A6C81 /* ContentView.swift in Sources */ = {isa = PBXBuildFile; fileRef = 0C51B40D2ADBE2B2006A6C81 /* ContentView.swift */; };
		0C51B4102ADBE2B3006A6C81 /* Assets.xcassets in Resources */ = {isa = PBXBuildFile; fileRef = 0C51B40F2ADBE2B3006A6C81 /* Assets.xcassets */; };
		0C51B4132ADBE2B3006A6C81 /* Preview Assets.xcassets in Resources */ = {isa = PBXBuildFile; fileRef = 0C51B4122ADBE2B3006A6C81 /* Preview Assets.xcassets */; };
		0C51B4262ADBE3A0006A6C81 /* LoginView.swift in Sources */ = {isa = PBXBuildFile; fileRef = 0C51B4252ADBE3A0006A6C81 /* LoginView.swift */; };
		0CA3E63F2AE449CC0073A392 /* ProfileThreadFilter.swift in Sources */ = {isa = PBXBuildFile; fileRef = 0CA3E63E2AE449CC0073A392 /* ProfileThreadFilter.swift */; };
		0CA3E6432AE452CC0073A392 /* EditProfileView.swift in Sources */ = {isa = PBXBuildFile; fileRef = 0CA3E6422AE452CC0073A392 /* EditProfileView.swift */; };
		0CA3E6452AE45FEF0073A392 /* GoogleService-Info.plist in Resources */ = {isa = PBXBuildFile; fileRef = 0CA3E6442AE45FEF0073A392 /* GoogleService-Info.plist */; };
		0CA3E6482AE461510073A392 /* FirebaseAnalytics in Frameworks */ = {isa = PBXBuildFile; productRef = 0CA3E6472AE461510073A392 /* FirebaseAnalytics */; };
		0CA3E64A2AE461510073A392 /* FirebaseAnalyticsOnDeviceConversion in Frameworks */ = {isa = PBXBuildFile; productRef = 0CA3E6492AE461510073A392 /* FirebaseAnalyticsOnDeviceConversion */; };
		0CA3E64C2AE461510073A392 /* FirebaseAnalyticsSwift in Frameworks */ = {isa = PBXBuildFile; productRef = 0CA3E64B2AE461510073A392 /* FirebaseAnalyticsSwift */; };
		0CA3E64E2AE461510073A392 /* FirebaseAnalyticsWithoutAdIdSupport in Frameworks */ = {isa = PBXBuildFile; productRef = 0CA3E64D2AE461510073A392 /* FirebaseAnalyticsWithoutAdIdSupport */; };
		0CA3E6502AE461510073A392 /* FirebaseAppCheck in Frameworks */ = {isa = PBXBuildFile; productRef = 0CA3E64F2AE461510073A392 /* FirebaseAppCheck */; };
		0CA3E6522AE461510073A392 /* FirebaseAppDistribution-Beta in Frameworks */ = {isa = PBXBuildFile; productRef = 0CA3E6512AE461510073A392 /* FirebaseAppDistribution-Beta */; };
		0CA3E6542AE461510073A392 /* FirebaseAuth in Frameworks */ = {isa = PBXBuildFile; productRef = 0CA3E6532AE461510073A392 /* FirebaseAuth */; };
		0CA3E6562AE461510073A392 /* FirebaseAuthCombine-Community in Frameworks */ = {isa = PBXBuildFile; productRef = 0CA3E6552AE461510073A392 /* FirebaseAuthCombine-Community */; };
		0CA3E6582AE461510073A392 /* FirebaseCrashlytics in Frameworks */ = {isa = PBXBuildFile; productRef = 0CA3E6572AE461510073A392 /* FirebaseCrashlytics */; };
		0CA3E65A2AE461510073A392 /* FirebaseDatabase in Frameworks */ = {isa = PBXBuildFile; productRef = 0CA3E6592AE461510073A392 /* FirebaseDatabase */; };
		0CA3E65C2AE461510073A392 /* FirebaseDatabaseSwift in Frameworks */ = {isa = PBXBuildFile; productRef = 0CA3E65B2AE461510073A392 /* FirebaseDatabaseSwift */; };
		0CA3E65E2AE461510073A392 /* FirebaseDynamicLinks in Frameworks */ = {isa = PBXBuildFile; productRef = 0CA3E65D2AE461510073A392 /* FirebaseDynamicLinks */; };
		0CA3E6602AE461510073A392 /* FirebaseFirestore in Frameworks */ = {isa = PBXBuildFile; productRef = 0CA3E65F2AE461510073A392 /* FirebaseFirestore */; };
		0CA3E6622AE461510073A392 /* FirebaseFirestoreCombine-Community in Frameworks */ = {isa = PBXBuildFile; productRef = 0CA3E6612AE461510073A392 /* FirebaseFirestoreCombine-Community */; };
		0CA3E6642AE461510073A392 /* FirebaseFirestoreSwift in Frameworks */ = {isa = PBXBuildFile; productRef = 0CA3E6632AE461510073A392 /* FirebaseFirestoreSwift */; };
		0CA3E6662AE461510073A392 /* FirebaseFunctions in Frameworks */ = {isa = PBXBuildFile; productRef = 0CA3E6652AE461510073A392 /* FirebaseFunctions */; };
		0CA3E6682AE461510073A392 /* FirebaseFunctionsCombine-Community in Frameworks */ = {isa = PBXBuildFile; productRef = 0CA3E6672AE461510073A392 /* FirebaseFunctionsCombine-Community */; };
		0CA3E66A2AE461510073A392 /* FirebaseInAppMessaging-Beta in Frameworks */ = {isa = PBXBuildFile; productRef = 0CA3E6692AE461510073A392 /* FirebaseInAppMessaging-Beta */; };
		0CA3E66C2AE461510073A392 /* FirebaseInAppMessagingSwift-Beta in Frameworks */ = {isa = PBXBuildFile; productRef = 0CA3E66B2AE461510073A392 /* FirebaseInAppMessagingSwift-Beta */; };
		0CA3E66E2AE461510073A392 /* FirebaseInstallations in Frameworks */ = {isa = PBXBuildFile; productRef = 0CA3E66D2AE461510073A392 /* FirebaseInstallations */; };
		0CA3E6702AE461510073A392 /* FirebaseMLModelDownloader in Frameworks */ = {isa = PBXBuildFile; productRef = 0CA3E66F2AE461510073A392 /* FirebaseMLModelDownloader */; };
		0CA3E6722AE461510073A392 /* FirebaseMessaging in Frameworks */ = {isa = PBXBuildFile; productRef = 0CA3E6712AE461510073A392 /* FirebaseMessaging */; };
		0CA3E6742AE461510073A392 /* FirebasePerformance in Frameworks */ = {isa = PBXBuildFile; productRef = 0CA3E6732AE461510073A392 /* FirebasePerformance */; };
		0CA3E6762AE461510073A392 /* FirebaseRemoteConfig in Frameworks */ = {isa = PBXBuildFile; productRef = 0CA3E6752AE461510073A392 /* FirebaseRemoteConfig */; };
		0CA3E6782AE461510073A392 /* FirebaseRemoteConfigSwift in Frameworks */ = {isa = PBXBuildFile; productRef = 0CA3E6772AE461510073A392 /* FirebaseRemoteConfigSwift */; };
		0CA3E67A2AE461510073A392 /* FirebaseStorage in Frameworks */ = {isa = PBXBuildFile; productRef = 0CA3E6792AE461510073A392 /* FirebaseStorage */; };
		0CA3E67C2AE461510073A392 /* FirebaseStorageCombine-Community in Frameworks */ = {isa = PBXBuildFile; productRef = 0CA3E67B2AE461510073A392 /* FirebaseStorageCombine-Community */; };
		0CB0BD9B2ADDAE4700A2E615 /* ThreadsTabView.swift in Sources */ = {isa = PBXBuildFile; fileRef = 0CB0BD9A2ADDAE4700A2E615 /* ThreadsTabView.swift */; };
		0CB0BD9F2ADDB07000A2E615 /* FeedView.swift in Sources */ = {isa = PBXBuildFile; fileRef = 0CB0BD9E2ADDB07000A2E615 /* FeedView.swift */; };
		0CB0BDA32ADDB0A300A2E615 /* ExploreView.swift in Sources */ = {isa = PBXBuildFile; fileRef = 0CB0BDA22ADDB0A300A2E615 /* ExploreView.swift */; };
		0CB0BDA72ADDB0E000A2E615 /* CreateThreadView.swift in Sources */ = {isa = PBXBuildFile; fileRef = 0CB0BDA62ADDB0E000A2E615 /* CreateThreadView.swift */; };
		0CB0BDAB2ADDB11800A2E615 /* ActivityView.swift in Sources */ = {isa = PBXBuildFile; fileRef = 0CB0BDAA2ADDB11800A2E615 /* ActivityView.swift */; };
		0CB0BDAF2ADDB13900A2E615 /* ProfileView.swift in Sources */ = {isa = PBXBuildFile; fileRef = 0CB0BDAE2ADDB13900A2E615 /* ProfileView.swift */; };
		0CC2DF222AE41E9E003AEF8E /* CircularProfileImage.swift in Sources */ = {isa = PBXBuildFile; fileRef = 0CC2DF212AE41E9E003AEF8E /* CircularProfileImage.swift */; };
		0CC2DF242AE41F35003AEF8E /* UserCell.swift in Sources */ = {isa = PBXBuildFile; fileRef = 0CC2DF232AE41F35003AEF8E /* UserCell.swift */; };
		0CCFFDE72AE4F41D00BDACFF /* RegistrationViewModal.swift in Sources */ = {isa = PBXBuildFile; fileRef = 0CCFFDE62AE4F41D00BDACFF /* RegistrationViewModal.swift */; };
		0CCFFDE92AE4F8CF00BDACFF /* AuthService.swift in Sources */ = {isa = PBXBuildFile; fileRef = 0CCFFDE82AE4F8CF00BDACFF /* AuthService.swift */; };
		0CCFFDED2AE504F900BDACFF /* ContentViewModal.swift in Sources */ = {isa = PBXBuildFile; fileRef = 0CCFFDEC2AE504F900BDACFF /* ContentViewModal.swift */; };
		0CCFFDEF2AE50B7400BDACFF /* LoginViewModal.swift in Sources */ = {isa = PBXBuildFile; fileRef = 0CCFFDEE2AE50B7400BDACFF /* LoginViewModal.swift */; };
		0CCFFDF12AE50DF100BDACFF /* User.swift in Sources */ = {isa = PBXBuildFile; fileRef = 0CCFFDF02AE50DF100BDACFF /* User.swift */; };
		0CCFFDF32AE5163D00BDACFF /* UserService.swift in Sources */ = {isa = PBXBuildFile; fileRef = 0CCFFDF22AE5163D00BDACFF /* UserService.swift */; };
		0CCFFDF62AE5180400BDACFF /* ProfileViewModal.swift in Sources */ = {isa = PBXBuildFile; fileRef = 0CCFFDF52AE5180400BDACFF /* ProfileViewModal.swift */; };
/* End PBXBuildFile section */

/* Begin PBXFileReference section */
		0C44B9862ADC3B2400176882 /* RegistrationView.swift */ = {isa = PBXFileReference; lastKnownFileType = sourcecode.swift; path = RegistrationView.swift; sourceTree = "<group>"; };
		0C44B9892ADC459800176882 /* ThreadTextFieldModifier.swift */ = {isa = PBXFileReference; lastKnownFileType = sourcecode.swift; path = ThreadTextFieldModifier.swift; sourceTree = "<group>"; };
		0C4FA9A92ADF1199000FEC85 /* ThreadCell.swift */ = {isa = PBXFileReference; lastKnownFileType = sourcecode.swift; path = ThreadCell.swift; sourceTree = "<group>"; };
		0C51B4082ADBE2B2006A6C81 /* ThreadsTutorial.app */ = {isa = PBXFileReference; explicitFileType = wrapper.application; includeInIndex = 0; path = ThreadsTutorial.app; sourceTree = BUILT_PRODUCTS_DIR; };
		0C51B40B2ADBE2B2006A6C81 /* ThreadsTutorialApp.swift */ = {isa = PBXFileReference; lastKnownFileType = sourcecode.swift; path = ThreadsTutorialApp.swift; sourceTree = "<group>"; };
		0C51B40D2ADBE2B2006A6C81 /* ContentView.swift */ = {isa = PBXFileReference; lastKnownFileType = sourcecode.swift; path = ContentView.swift; sourceTree = "<group>"; };
		0C51B40F2ADBE2B3006A6C81 /* Assets.xcassets */ = {isa = PBXFileReference; lastKnownFileType = folder.assetcatalog; path = Assets.xcassets; sourceTree = "<group>"; };
		0C51B4122ADBE2B3006A6C81 /* Preview Assets.xcassets */ = {isa = PBXFileReference; lastKnownFileType = folder.assetcatalog; path = "Preview Assets.xcassets"; sourceTree = "<group>"; };
		0C51B4252ADBE3A0006A6C81 /* LoginView.swift */ = {isa = PBXFileReference; lastKnownFileType = sourcecode.swift; path = LoginView.swift; sourceTree = "<group>"; };
		0CA3E63E2AE449CC0073A392 /* ProfileThreadFilter.swift */ = {isa = PBXFileReference; lastKnownFileType = sourcecode.swift; path = ProfileThreadFilter.swift; sourceTree = "<group>"; };
		0CA3E6422AE452CC0073A392 /* EditProfileView.swift */ = {isa = PBXFileReference; lastKnownFileType = sourcecode.swift; path = EditProfileView.swift; sourceTree = "<group>"; };
		0CA3E6442AE45FEF0073A392 /* GoogleService-Info.plist */ = {isa = PBXFileReference; fileEncoding = 4; lastKnownFileType = text.plist.xml; path = "GoogleService-Info.plist"; sourceTree = "<group>"; };
		0CB0BD9A2ADDAE4700A2E615 /* ThreadsTabView.swift */ = {isa = PBXFileReference; lastKnownFileType = sourcecode.swift; path = ThreadsTabView.swift; sourceTree = "<group>"; };
		0CB0BD9E2ADDB07000A2E615 /* FeedView.swift */ = {isa = PBXFileReference; lastKnownFileType = sourcecode.swift; path = FeedView.swift; sourceTree = "<group>"; };
		0CB0BDA22ADDB0A300A2E615 /* ExploreView.swift */ = {isa = PBXFileReference; lastKnownFileType = sourcecode.swift; path = ExploreView.swift; sourceTree = "<group>"; };
		0CB0BDA62ADDB0E000A2E615 /* CreateThreadView.swift */ = {isa = PBXFileReference; lastKnownFileType = sourcecode.swift; path = CreateThreadView.swift; sourceTree = "<group>"; };
		0CB0BDAA2ADDB11800A2E615 /* ActivityView.swift */ = {isa = PBXFileReference; lastKnownFileType = sourcecode.swift; path = ActivityView.swift; sourceTree = "<group>"; };
		0CB0BDAE2ADDB13900A2E615 /* ProfileView.swift */ = {isa = PBXFileReference; lastKnownFileType = sourcecode.swift; path = ProfileView.swift; sourceTree = "<group>"; };
		0CC2DF212AE41E9E003AEF8E /* CircularProfileImage.swift */ = {isa = PBXFileReference; lastKnownFileType = sourcecode.swift; path = CircularProfileImage.swift; sourceTree = "<group>"; };
		0CC2DF232AE41F35003AEF8E /* UserCell.swift */ = {isa = PBXFileReference; lastKnownFileType = sourcecode.swift; path = UserCell.swift; sourceTree = "<group>"; };
		0CCFFDE62AE4F41D00BDACFF /* RegistrationViewModal.swift */ = {isa = PBXFileReference; lastKnownFileType = sourcecode.swift; path = RegistrationViewModal.swift; sourceTree = "<group>"; };
		0CCFFDE82AE4F8CF00BDACFF /* AuthService.swift */ = {isa = PBXFileReference; lastKnownFileType = sourcecode.swift; path = AuthService.swift; sourceTree = "<group>"; };
		0CCFFDEC2AE504F900BDACFF /* ContentViewModal.swift */ = {isa = PBXFileReference; lastKnownFileType = sourcecode.swift; path = ContentViewModal.swift; sourceTree = "<group>"; };
		0CCFFDEE2AE50B7400BDACFF /* LoginViewModal.swift */ = {isa = PBXFileReference; lastKnownFileType = sourcecode.swift; path = LoginViewModal.swift; sourceTree = "<group>"; };
		0CCFFDF02AE50DF100BDACFF /* User.swift */ = {isa = PBXFileReference; lastKnownFileType = sourcecode.swift; path = User.swift; sourceTree = "<group>"; };
		0CCFFDF22AE5163D00BDACFF /* UserService.swift */ = {isa = PBXFileReference; lastKnownFileType = sourcecode.swift; path = UserService.swift; sourceTree = "<group>"; };
		0CCFFDF52AE5180400BDACFF /* ProfileViewModal.swift */ = {isa = PBXFileReference; lastKnownFileType = sourcecode.swift; path = ProfileViewModal.swift; sourceTree = "<group>"; };
/* End PBXFileReference section */

/* Begin PBXFrameworksBuildPhase section */
		0C51B4052ADBE2B2006A6C81 /* Frameworks */ = {
			isa = PBXFrameworksBuildPhase;
			buildActionMask = 2147483647;
			files = (
				0CA3E65A2AE461510073A392 /* FirebaseDatabase in Frameworks */,
				0CA3E6682AE461510073A392 /* FirebaseFunctionsCombine-Community in Frameworks */,
				0CA3E6602AE461510073A392 /* FirebaseFirestore in Frameworks */,
				0CA3E64C2AE461510073A392 /* FirebaseAnalyticsSwift in Frameworks */,
				0CA3E6482AE461510073A392 /* FirebaseAnalytics in Frameworks */,
				0CA3E64A2AE461510073A392 /* FirebaseAnalyticsOnDeviceConversion in Frameworks */,
				0CA3E6702AE461510073A392 /* FirebaseMLModelDownloader in Frameworks */,
				0CA3E6642AE461510073A392 /* FirebaseFirestoreSwift in Frameworks */,
				0CA3E6502AE461510073A392 /* FirebaseAppCheck in Frameworks */,
				0CA3E64E2AE461510073A392 /* FirebaseAnalyticsWithoutAdIdSupport in Frameworks */,
				0CA3E6542AE461510073A392 /* FirebaseAuth in Frameworks */,
				0CA3E6582AE461510073A392 /* FirebaseCrashlytics in Frameworks */,
				0CA3E6782AE461510073A392 /* FirebaseRemoteConfigSwift in Frameworks */,
				0CA3E66A2AE461510073A392 /* FirebaseInAppMessaging-Beta in Frameworks */,
				0CA3E65C2AE461510073A392 /* FirebaseDatabaseSwift in Frameworks */,
				0CA3E6662AE461510073A392 /* FirebaseFunctions in Frameworks */,
				0CA3E67C2AE461510073A392 /* FirebaseStorageCombine-Community in Frameworks */,
				0CA3E6762AE461510073A392 /* FirebaseRemoteConfig in Frameworks */,
				0CA3E6522AE461510073A392 /* FirebaseAppDistribution-Beta in Frameworks */,
				0CA3E6562AE461510073A392 /* FirebaseAuthCombine-Community in Frameworks */,
				0CA3E6742AE461510073A392 /* FirebasePerformance in Frameworks */,
				0CA3E66C2AE461510073A392 /* FirebaseInAppMessagingSwift-Beta in Frameworks */,
				0CA3E67A2AE461510073A392 /* FirebaseStorage in Frameworks */,
				0CA3E65E2AE461510073A392 /* FirebaseDynamicLinks in Frameworks */,
				0CA3E6622AE461510073A392 /* FirebaseFirestoreCombine-Community in Frameworks */,
				0CA3E6722AE461510073A392 /* FirebaseMessaging in Frameworks */,
				0CA3E66E2AE461510073A392 /* FirebaseInstallations in Frameworks */,
			);
			runOnlyForDeploymentPostprocessing = 0;
		};
/* End PBXFrameworksBuildPhase section */

/* Begin PBXGroup section */
		0C44B9882ADC456600176882 /* ViewModifier */ = {
			isa = PBXGroup;
			children = (
				0C44B9892ADC459800176882 /* ThreadTextFieldModifier.swift */,
			);
			path = ViewModifier;
			sourceTree = "<group>";
		};
		0C51B3FF2ADBE2B2006A6C81 = {
			isa = PBXGroup;
			children = (
				0C51B40A2ADBE2B2006A6C81 /* ThreadsTutorial */,
				0C51B4092ADBE2B2006A6C81 /* Products */,
			);
			sourceTree = "<group>";
		};
		0C51B4092ADBE2B2006A6C81 /* Products */ = {
			isa = PBXGroup;
			children = (
				0C51B4082ADBE2B2006A6C81 /* ThreadsTutorial.app */,
			);
			name = Products;
			sourceTree = "<group>";
		};
		0C51B40A2ADBE2B2006A6C81 /* ThreadsTutorial */ = {
			isa = PBXGroup;
			children = (
				0C51B4212ADBE314006A6C81 /* App */,
				0C51B4202ADBE310006A6C81 /* Core */,
				0C51B41F2ADBE30D006A6C81 /* Extensions */,
				0C51B41D2ADBE301006A6C81 /* Modals */,
				0C51B41C2ADBE2F6006A6C81 /* Services */,
				0C51B4192ADBE2E7006A6C81 /* Utility */,
				0C51B40F2ADBE2B3006A6C81 /* Assets.xcassets */,
				0C51B4112ADBE2B3006A6C81 /* Preview Content */,
			);
			path = ThreadsTutorial;
			sourceTree = "<group>";
		};
		0C51B4112ADBE2B3006A6C81 /* Preview Content */ = {
			isa = PBXGroup;
			children = (
				0C51B4122ADBE2B3006A6C81 /* Preview Assets.xcassets */,
			);
			path = "Preview Content";
			sourceTree = "<group>";
		};
		0C51B4192ADBE2E7006A6C81 /* Utility */ = {
			isa = PBXGroup;
			children = (
				0CA3E6442AE45FEF0073A392 /* GoogleService-Info.plist */,
				0C44B9882ADC456600176882 /* ViewModifier */,
			);
			path = Utility;
			sourceTree = "<group>";
		};
		0C51B41C2ADBE2F6006A6C81 /* Services */ = {
			isa = PBXGroup;
			children = (
				0CCFFDF22AE5163D00BDACFF /* UserService.swift */,
			);
			path = Services;
			sourceTree = "<group>";
		};
		0C51B41D2ADBE301006A6C81 /* Modals */ = {
			isa = PBXGroup;
			children = (
				0CCFFDF02AE50DF100BDACFF /* User.swift */,
			);
			path = Modals;
			sourceTree = "<group>";
		};
		0C51B41F2ADBE30D006A6C81 /* Extensions */ = {
			isa = PBXGroup;
			children = (
			);
			path = Extensions;
			sourceTree = "<group>";
		};
		0C51B4202ADBE310006A6C81 /* Core */ = {
			isa = PBXGroup;
			children = (
				0CC2DF202AE41E8A003AEF8E /* Componets */,
				0CB0BDA82ADDB10400A2E615 /* Activity */,
				0C51B4222ADBE35B006A6C81 /* Authentication */,
				0CB0BDA02ADDB09700A2E615 /* Explore */,
				0CB0BD9C2ADDB05D00A2E615 /* Feed */,
				0CB0BDAC2ADDB12800A2E615 /* Profile */,
				0CB0BDA42ADDB0BC00A2E615 /* ThreadsCreation */,
				0CB0BD992ADDAE1F00A2E615 /* TabBar */,
				0C51B4232ADBE367006A6C81 /* Root */,
			);
			path = Core;
			sourceTree = "<group>";
		};
		0C51B4212ADBE314006A6C81 /* App */ = {
			isa = PBXGroup;
			children = (
				0C51B40B2ADBE2B2006A6C81 /* ThreadsTutorialApp.swift */,
			);
			path = App;
			sourceTree = "<group>";
		};
		0C51B4222ADBE35B006A6C81 /* Authentication */ = {
			isa = PBXGroup;
			children = (
				0CCFFDE52AE4F3FC00BDACFF /* Service */,
				0C51B4242ADBE393006A6C81 /* Views */,
				0CCFFDE42AE4F3F500BDACFF /* ViewModal */,
			);
			path = Authentication;
			sourceTree = "<group>";
		};
		0C51B4232ADBE367006A6C81 /* Root */ = {
			isa = PBXGroup;
			children = (
				0CCFFDEB2AE504D400BDACFF /* ViewModal */,
				0CCFFDEA2AE504C400BDACFF /* View */,
			);
			path = Root;
			sourceTree = "<group>";
		};
		0C51B4242ADBE393006A6C81 /* Views */ = {
			isa = PBXGroup;
			children = (
				0C51B4252ADBE3A0006A6C81 /* LoginView.swift */,
				0C44B9862ADC3B2400176882 /* RegistrationView.swift */,
			);
			path = Views;
			sourceTree = "<group>";
		};
		0CA3E63D2AE442410073A392 /* Modal */ = {
			isa = PBXGroup;
			children = (
				0CA3E63E2AE449CC0073A392 /* ProfileThreadFilter.swift */,
			);
			path = Modal;
			sourceTree = "<group>";
		};
		0CA3E6402AE451E00073A392 /* EditProfile */ = {
			isa = PBXGroup;
			children = (
				0CA3E6412AE452C00073A392 /* View */,
			);
			path = EditProfile;
			sourceTree = "<group>";
		};
		0CA3E6412AE452C00073A392 /* View */ = {
			isa = PBXGroup;
			children = (
				0CA3E6422AE452CC0073A392 /* EditProfileView.swift */,
			);
			path = View;
			sourceTree = "<group>";
		};
		0CB0BD992ADDAE1F00A2E615 /* TabBar */ = {
			isa = PBXGroup;
			children = (
				0CB0BD9A2ADDAE4700A2E615 /* ThreadsTabView.swift */,
			);
			path = TabBar;
			sourceTree = "<group>";
		};
		0CB0BD9C2ADDB05D00A2E615 /* Feed */ = {
			isa = PBXGroup;
			children = (
				0CB0BD9D2ADDB06400A2E615 /* View */,
			);
			path = Feed;
			sourceTree = "<group>";
		};
		0CB0BD9D2ADDB06400A2E615 /* View */ = {
			isa = PBXGroup;
			children = (
				0CB0BD9E2ADDB07000A2E615 /* FeedView.swift */,
				0C4FA9A92ADF1199000FEC85 /* ThreadCell.swift */,
			);
			path = View;
			sourceTree = "<group>";
		};
		0CB0BDA02ADDB09700A2E615 /* Explore */ = {
			isa = PBXGroup;
			children = (
				0CB0BDA12ADDB09E00A2E615 /* View */,
			);
			path = Explore;
			sourceTree = "<group>";
		};
		0CB0BDA12ADDB09E00A2E615 /* View */ = {
			isa = PBXGroup;
			children = (
				0CB0BDA22ADDB0A300A2E615 /* ExploreView.swift */,
			);
			path = View;
			sourceTree = "<group>";
		};
		0CB0BDA42ADDB0BC00A2E615 /* ThreadsCreation */ = {
			isa = PBXGroup;
			children = (
				0CB0BDA52ADDB0C600A2E615 /* View */,
			);
			path = ThreadsCreation;
			sourceTree = "<group>";
		};
		0CB0BDA52ADDB0C600A2E615 /* View */ = {
			isa = PBXGroup;
			children = (
				0CB0BDA62ADDB0E000A2E615 /* CreateThreadView.swift */,
			);
			path = View;
			sourceTree = "<group>";
		};
		0CB0BDA82ADDB10400A2E615 /* Activity */ = {
			isa = PBXGroup;
			children = (
				0CB0BDA92ADDB11000A2E615 /* View */,
			);
			path = Activity;
			sourceTree = "<group>";
		};
		0CB0BDA92ADDB11000A2E615 /* View */ = {
			isa = PBXGroup;
			children = (
				0CB0BDAA2ADDB11800A2E615 /* ActivityView.swift */,
			);
			path = View;
			sourceTree = "<group>";
		};
		0CB0BDAC2ADDB12800A2E615 /* Profile */ = {
			isa = PBXGroup;
			children = (
				0CCFFDF42AE5177300BDACFF /* ViewModal */,
				0CA3E6402AE451E00073A392 /* EditProfile */,
				0CA3E63D2AE442410073A392 /* Modal */,
				0CB0BDAD2ADDB13100A2E615 /* View */,
			);
			path = Profile;
			sourceTree = "<group>";
		};
		0CB0BDAD2ADDB13100A2E615 /* View */ = {
			isa = PBXGroup;
			children = (
				0CB0BDAE2ADDB13900A2E615 /* ProfileView.swift */,
			);
			path = View;
			sourceTree = "<group>";
		};
		0CC2DF202AE41E8A003AEF8E /* Componets */ = {
			isa = PBXGroup;
			children = (
				0CC2DF212AE41E9E003AEF8E /* CircularProfileImage.swift */,
				0CC2DF232AE41F35003AEF8E /* UserCell.swift */,
			);
			path = Componets;
			sourceTree = "<group>";
		};
		0CCFFDE42AE4F3F500BDACFF /* ViewModal */ = {
			isa = PBXGroup;
			children = (
				0CCFFDE62AE4F41D00BDACFF /* RegistrationViewModal.swift */,
				0CCFFDEE2AE50B7400BDACFF /* LoginViewModal.swift */,
			);
			path = ViewModal;
			sourceTree = "<group>";
		};
		0CCFFDE52AE4F3FC00BDACFF /* Service */ = {
			isa = PBXGroup;
			children = (
				0CCFFDE82AE4F8CF00BDACFF /* AuthService.swift */,
			);
			path = Service;
			sourceTree = "<group>";
		};
		0CCFFDEA2AE504C400BDACFF /* View */ = {
			isa = PBXGroup;
			children = (
				0C51B40D2ADBE2B2006A6C81 /* ContentView.swift */,
			);
			path = View;
			sourceTree = "<group>";
		};
		0CCFFDEB2AE504D400BDACFF /* ViewModal */ = {
			isa = PBXGroup;
			children = (
				0CCFFDEC2AE504F900BDACFF /* ContentViewModal.swift */,
			);
			path = ViewModal;
			sourceTree = "<group>";
		};
		0CCFFDF42AE5177300BDACFF /* ViewModal */ = {
			isa = PBXGroup;
			children = (
				0CCFFDF52AE5180400BDACFF /* ProfileViewModal.swift */,
			);
			path = ViewModal;
			sourceTree = "<group>";
		};
/* End PBXGroup section */

/* Begin PBXNativeTarget section */
		0C51B4072ADBE2B2006A6C81 /* ThreadsTutorial */ = {
			isa = PBXNativeTarget;
			buildConfigurationList = 0C51B4162ADBE2B3006A6C81 /* Build configuration list for PBXNativeTarget "ThreadsTutorial" */;
			buildPhases = (
				0C51B4042ADBE2B2006A6C81 /* Sources */,
				0C51B4052ADBE2B2006A6C81 /* Frameworks */,
				0C51B4062ADBE2B2006A6C81 /* Resources */,
			);
			buildRules = (
			);
			dependencies = (
			);
			name = ThreadsTutorial;
			packageProductDependencies = (
				0CA3E6472AE461510073A392 /* FirebaseAnalytics */,
				0CA3E6492AE461510073A392 /* FirebaseAnalyticsOnDeviceConversion */,
				0CA3E64B2AE461510073A392 /* FirebaseAnalyticsSwift */,
				0CA3E64D2AE461510073A392 /* FirebaseAnalyticsWithoutAdIdSupport */,
				0CA3E64F2AE461510073A392 /* FirebaseAppCheck */,
				0CA3E6512AE461510073A392 /* FirebaseAppDistribution-Beta */,
				0CA3E6532AE461510073A392 /* FirebaseAuth */,
				0CA3E6552AE461510073A392 /* FirebaseAuthCombine-Community */,
				0CA3E6572AE461510073A392 /* FirebaseCrashlytics */,
				0CA3E6592AE461510073A392 /* FirebaseDatabase */,
				0CA3E65B2AE461510073A392 /* FirebaseDatabaseSwift */,
				0CA3E65D2AE461510073A392 /* FirebaseDynamicLinks */,
				0CA3E65F2AE461510073A392 /* FirebaseFirestore */,
				0CA3E6612AE461510073A392 /* FirebaseFirestoreCombine-Community */,
				0CA3E6632AE461510073A392 /* FirebaseFirestoreSwift */,
				0CA3E6652AE461510073A392 /* FirebaseFunctions */,
				0CA3E6672AE461510073A392 /* FirebaseFunctionsCombine-Community */,
				0CA3E6692AE461510073A392 /* FirebaseInAppMessaging-Beta */,
				0CA3E66B2AE461510073A392 /* FirebaseInAppMessagingSwift-Beta */,
				0CA3E66D2AE461510073A392 /* FirebaseInstallations */,
				0CA3E66F2AE461510073A392 /* FirebaseMLModelDownloader */,
				0CA3E6712AE461510073A392 /* FirebaseMessaging */,
				0CA3E6732AE461510073A392 /* FirebasePerformance */,
				0CA3E6752AE461510073A392 /* FirebaseRemoteConfig */,
				0CA3E6772AE461510073A392 /* FirebaseRemoteConfigSwift */,
				0CA3E6792AE461510073A392 /* FirebaseStorage */,
				0CA3E67B2AE461510073A392 /* FirebaseStorageCombine-Community */,
			);
			productName = ThreadsTutorial;
			productReference = 0C51B4082ADBE2B2006A6C81 /* ThreadsTutorial.app */;
			productType = "com.apple.product-type.application";
		};
/* End PBXNativeTarget section */

/* Begin PBXProject section */
		0C51B4002ADBE2B2006A6C81 /* Project object */ = {
			isa = PBXProject;
			attributes = {
				BuildIndependentTargetsInParallel = 1;
				LastSwiftUpdateCheck = 1500;
				LastUpgradeCheck = 1500;
				TargetAttributes = {
					0C51B4072ADBE2B2006A6C81 = {
						CreatedOnToolsVersion = 15.0;
					};
				};
			};
			buildConfigurationList = 0C51B4032ADBE2B2006A6C81 /* Build configuration list for PBXProject "ThreadsTutorial" */;
			compatibilityVersion = "Xcode 14.0";
			developmentRegion = en;
			hasScannedForEncodings = 0;
			knownRegions = (
				en,
				Base,
			);
			mainGroup = 0C51B3FF2ADBE2B2006A6C81;
			packageReferences = (
				0CA3E6462AE461510073A392 /* XCRemoteSwiftPackageReference "firebase-ios-sdk" */,
			);
			productRefGroup = 0C51B4092ADBE2B2006A6C81 /* Products */;
			projectDirPath = "";
			projectRoot = "";
			targets = (
				0C51B4072ADBE2B2006A6C81 /* ThreadsTutorial */,
			);
		};
/* End PBXProject section */

/* Begin PBXResourcesBuildPhase section */
		0C51B4062ADBE2B2006A6C81 /* Resources */ = {
			isa = PBXResourcesBuildPhase;
			buildActionMask = 2147483647;
			files = (
				0C51B4132ADBE2B3006A6C81 /* Preview Assets.xcassets in Resources */,
				0C51B4102ADBE2B3006A6C81 /* Assets.xcassets in Resources */,
				0CA3E6452AE45FEF0073A392 /* GoogleService-Info.plist in Resources */,
			);
			runOnlyForDeploymentPostprocessing = 0;
		};
/* End PBXResourcesBuildPhase section */

/* Begin PBXSourcesBuildPhase section */
		0C51B4042ADBE2B2006A6C81 /* Sources */ = {
			isa = PBXSourcesBuildPhase;
			buildActionMask = 2147483647;
			files = (
				0CC2DF222AE41E9E003AEF8E /* CircularProfileImage.swift in Sources */,
				0CB0BD9F2ADDB07000A2E615 /* FeedView.swift in Sources */,
				0CA3E6432AE452CC0073A392 /* EditProfileView.swift in Sources */,
				0CCFFDE92AE4F8CF00BDACFF /* AuthService.swift in Sources */,
				0C51B4262ADBE3A0006A6C81 /* LoginView.swift in Sources */,
				0C51B40E2ADBE2B2006A6C81 /* ContentView.swift in Sources */,
				0CCFFDF32AE5163D00BDACFF /* UserService.swift in Sources */,
				0C4FA9AA2ADF1199000FEC85 /* ThreadCell.swift in Sources */,
				0CB0BDAB2ADDB11800A2E615 /* ActivityView.swift in Sources */,
				0CCFFDEF2AE50B7400BDACFF /* LoginViewModal.swift in Sources */,
				0CC2DF242AE41F35003AEF8E /* UserCell.swift in Sources */,
				0CB0BDA72ADDB0E000A2E615 /* CreateThreadView.swift in Sources */,
				0CA3E63F2AE449CC0073A392 /* ProfileThreadFilter.swift in Sources */,
				0CCFFDE72AE4F41D00BDACFF /* RegistrationViewModal.swift in Sources */,
				0CB0BD9B2ADDAE4700A2E615 /* ThreadsTabView.swift in Sources */,
				0C51B40C2ADBE2B2006A6C81 /* ThreadsTutorialApp.swift in Sources */,
				0C44B98A2ADC459800176882 /* ThreadTextFieldModifier.swift in Sources */,
				0CB0BDA32ADDB0A300A2E615 /* ExploreView.swift in Sources */,
				0CB0BDAF2ADDB13900A2E615 /* ProfileView.swift in Sources */,
				0CCFFDF62AE5180400BDACFF /* ProfileViewModal.swift in Sources */,
				0C44B9872ADC3B2400176882 /* RegistrationView.swift in Sources */,
				0CCFFDED2AE504F900BDACFF /* ContentViewModal.swift in Sources */,
				0CCFFDF12AE50DF100BDACFF /* User.swift in Sources */,
			);
			runOnlyForDeploymentPostprocessing = 0;
		};
/* End PBXSourcesBuildPhase section */

/* Begin XCBuildConfiguration section */
		0C51B4142ADBE2B3006A6C81 /* Debug */ = {
			isa = XCBuildConfiguration;
			buildSettings = {
				ALWAYS_SEARCH_USER_PATHS = NO;
				ASSETCATALOG_COMPILER_GENERATE_SWIFT_ASSET_SYMBOL_EXTENSIONS = YES;
				CLANG_ANALYZER_NONNULL = YES;
				CLANG_ANALYZER_NUMBER_OBJECT_CONVERSION = YES_AGGRESSIVE;
				CLANG_CXX_LANGUAGE_STANDARD = "gnu++20";
				CLANG_ENABLE_MODULES = YES;
				CLANG_ENABLE_OBJC_ARC = YES;
				CLANG_ENABLE_OBJC_WEAK = YES;
				CLANG_WARN_BLOCK_CAPTURE_AUTORELEASING = YES;
				CLANG_WARN_BOOL_CONVERSION = YES;
				CLANG_WARN_COMMA = YES;
				CLANG_WARN_CONSTANT_CONVERSION = YES;
				CLANG_WARN_DEPRECATED_OBJC_IMPLEMENTATIONS = YES;
				CLANG_WARN_DIRECT_OBJC_ISA_USAGE = YES_ERROR;
				CLANG_WARN_DOCUMENTATION_COMMENTS = YES;
				CLANG_WARN_EMPTY_BODY = YES;
				CLANG_WARN_ENUM_CONVERSION = YES;
				CLANG_WARN_INFINITE_RECURSION = YES;
				CLANG_WARN_INT_CONVERSION = YES;
				CLANG_WARN_NON_LITERAL_NULL_CONVERSION = YES;
				CLANG_WARN_OBJC_IMPLICIT_RETAIN_SELF = YES;
				CLANG_WARN_OBJC_LITERAL_CONVERSION = YES;
				CLANG_WARN_OBJC_ROOT_CLASS = YES_ERROR;
				CLANG_WARN_QUOTED_INCLUDE_IN_FRAMEWORK_HEADER = YES;
				CLANG_WARN_RANGE_LOOP_ANALYSIS = YES;
				CLANG_WARN_STRICT_PROTOTYPES = YES;
				CLANG_WARN_SUSPICIOUS_MOVE = YES;
				CLANG_WARN_UNGUARDED_AVAILABILITY = YES_AGGRESSIVE;
				CLANG_WARN_UNREACHABLE_CODE = YES;
				CLANG_WARN__DUPLICATE_METHOD_MATCH = YES;
				COPY_PHASE_STRIP = NO;
				DEBUG_INFORMATION_FORMAT = dwarf;
				ENABLE_STRICT_OBJC_MSGSEND = YES;
				ENABLE_TESTABILITY = YES;
				ENABLE_USER_SCRIPT_SANDBOXING = YES;
				GCC_C_LANGUAGE_STANDARD = gnu17;
				GCC_DYNAMIC_NO_PIC = NO;
				GCC_NO_COMMON_BLOCKS = YES;
				GCC_OPTIMIZATION_LEVEL = 0;
				GCC_PREPROCESSOR_DEFINITIONS = (
					"DEBUG=1",
					"$(inherited)",
				);
				GCC_WARN_64_TO_32_BIT_CONVERSION = YES;
				GCC_WARN_ABOUT_RETURN_TYPE = YES_ERROR;
				GCC_WARN_UNDECLARED_SELECTOR = YES;
				GCC_WARN_UNINITIALIZED_AUTOS = YES_AGGRESSIVE;
				GCC_WARN_UNUSED_FUNCTION = YES;
				GCC_WARN_UNUSED_VARIABLE = YES;
				IPHONEOS_DEPLOYMENT_TARGET = 17.0;
				LOCALIZATION_PREFERS_STRING_CATALOGS = YES;
				MTL_ENABLE_DEBUG_INFO = INCLUDE_SOURCE;
				MTL_FAST_MATH = YES;
				ONLY_ACTIVE_ARCH = YES;
				SDKROOT = iphoneos;
				SWIFT_ACTIVE_COMPILATION_CONDITIONS = "DEBUG $(inherited)";
				SWIFT_OPTIMIZATION_LEVEL = "-Onone";
			};
			name = Debug;
		};
		0C51B4152ADBE2B3006A6C81 /* Release */ = {
			isa = XCBuildConfiguration;
			buildSettings = {
				ALWAYS_SEARCH_USER_PATHS = NO;
				ASSETCATALOG_COMPILER_GENERATE_SWIFT_ASSET_SYMBOL_EXTENSIONS = YES;
				CLANG_ANALYZER_NONNULL = YES;
				CLANG_ANALYZER_NUMBER_OBJECT_CONVERSION = YES_AGGRESSIVE;
				CLANG_CXX_LANGUAGE_STANDARD = "gnu++20";
				CLANG_ENABLE_MODULES = YES;
				CLANG_ENABLE_OBJC_ARC = YES;
				CLANG_ENABLE_OBJC_WEAK = YES;
				CLANG_WARN_BLOCK_CAPTURE_AUTORELEASING = YES;
				CLANG_WARN_BOOL_CONVERSION = YES;
				CLANG_WARN_COMMA = YES;
				CLANG_WARN_CONSTANT_CONVERSION = YES;
				CLANG_WARN_DEPRECATED_OBJC_IMPLEMENTATIONS = YES;
				CLANG_WARN_DIRECT_OBJC_ISA_USAGE = YES_ERROR;
				CLANG_WARN_DOCUMENTATION_COMMENTS = YES;
				CLANG_WARN_EMPTY_BODY = YES;
				CLANG_WARN_ENUM_CONVERSION = YES;
				CLANG_WARN_INFINITE_RECURSION = YES;
				CLANG_WARN_INT_CONVERSION = YES;
				CLANG_WARN_NON_LITERAL_NULL_CONVERSION = YES;
				CLANG_WARN_OBJC_IMPLICIT_RETAIN_SELF = YES;
				CLANG_WARN_OBJC_LITERAL_CONVERSION = YES;
				CLANG_WARN_OBJC_ROOT_CLASS = YES_ERROR;
				CLANG_WARN_QUOTED_INCLUDE_IN_FRAMEWORK_HEADER = YES;
				CLANG_WARN_RANGE_LOOP_ANALYSIS = YES;
				CLANG_WARN_STRICT_PROTOTYPES = YES;
				CLANG_WARN_SUSPICIOUS_MOVE = YES;
				CLANG_WARN_UNGUARDED_AVAILABILITY = YES_AGGRESSIVE;
				CLANG_WARN_UNREACHABLE_CODE = YES;
				CLANG_WARN__DUPLICATE_METHOD_MATCH = YES;
				COPY_PHASE_STRIP = NO;
				DEBUG_INFORMATION_FORMAT = "dwarf-with-dsym";
				ENABLE_NS_ASSERTIONS = NO;
				ENABLE_STRICT_OBJC_MSGSEND = YES;
				ENABLE_USER_SCRIPT_SANDBOXING = YES;
				GCC_C_LANGUAGE_STANDARD = gnu17;
				GCC_NO_COMMON_BLOCKS = YES;
				GCC_WARN_64_TO_32_BIT_CONVERSION = YES;
				GCC_WARN_ABOUT_RETURN_TYPE = YES_ERROR;
				GCC_WARN_UNDECLARED_SELECTOR = YES;
				GCC_WARN_UNINITIALIZED_AUTOS = YES_AGGRESSIVE;
				GCC_WARN_UNUSED_FUNCTION = YES;
				GCC_WARN_UNUSED_VARIABLE = YES;
				IPHONEOS_DEPLOYMENT_TARGET = 17.0;
				LOCALIZATION_PREFERS_STRING_CATALOGS = YES;
				MTL_ENABLE_DEBUG_INFO = NO;
				MTL_FAST_MATH = YES;
				SDKROOT = iphoneos;
				SWIFT_COMPILATION_MODE = wholemodule;
				VALIDATE_PRODUCT = YES;
			};
			name = Release;
		};
		0C51B4172ADBE2B3006A6C81 /* Debug */ = {
			isa = XCBuildConfiguration;
			buildSettings = {
				ASSETCATALOG_COMPILER_APPICON_NAME = AppIcon;
				ASSETCATALOG_COMPILER_GLOBAL_ACCENT_COLOR_NAME = AccentColor;
				CODE_SIGN_STYLE = Automatic;
				CURRENT_PROJECT_VERSION = 1;
				DEVELOPMENT_ASSET_PATHS = "\"ThreadsTutorial/Preview Content\"";
				DEVELOPMENT_TEAM = 677WTAT3WT;
				ENABLE_PREVIEWS = YES;
				GENERATE_INFOPLIST_FILE = YES;
				INFOPLIST_KEY_UIApplicationSceneManifest_Generation = YES;
				INFOPLIST_KEY_UIApplicationSupportsIndirectInputEvents = YES;
				INFOPLIST_KEY_UILaunchScreen_Generation = YES;
				INFOPLIST_KEY_UISupportedInterfaceOrientations_iPad = "UIInterfaceOrientationPortrait UIInterfaceOrientationPortraitUpsideDown UIInterfaceOrientationLandscapeLeft UIInterfaceOrientationLandscapeRight";
				INFOPLIST_KEY_UISupportedInterfaceOrientations_iPhone = "UIInterfaceOrientationPortrait UIInterfaceOrientationLandscapeLeft UIInterfaceOrientationLandscapeRight";
				LD_RUNPATH_SEARCH_PATHS = (
					"$(inherited)",
					"@executable_path/Frameworks",
				);
				MARKETING_VERSION = 1.0;
				PRODUCT_BUNDLE_IDENTIFIER = com.test.ThreadsTutorial;
				PRODUCT_NAME = "$(TARGET_NAME)";
				SWIFT_EMIT_LOC_STRINGS = YES;
				SWIFT_VERSION = 5.0;
				TARGETED_DEVICE_FAMILY = "1,2";
			};
			name = Debug;
		};
		0C51B4182ADBE2B3006A6C81 /* Release */ = {
			isa = XCBuildConfiguration;
			buildSettings = {
				ASSETCATALOG_COMPILER_APPICON_NAME = AppIcon;
				ASSETCATALOG_COMPILER_GLOBAL_ACCENT_COLOR_NAME = AccentColor;
				CODE_SIGN_STYLE = Automatic;
				CURRENT_PROJECT_VERSION = 1;
				DEVELOPMENT_ASSET_PATHS = "\"ThreadsTutorial/Preview Content\"";
				DEVELOPMENT_TEAM = 677WTAT3WT;
				ENABLE_PREVIEWS = YES;
				GENERATE_INFOPLIST_FILE = YES;
				INFOPLIST_KEY_UIApplicationSceneManifest_Generation = YES;
				INFOPLIST_KEY_UIApplicationSupportsIndirectInputEvents = YES;
				INFOPLIST_KEY_UILaunchScreen_Generation = YES;
				INFOPLIST_KEY_UISupportedInterfaceOrientations_iPad = "UIInterfaceOrientationPortrait UIInterfaceOrientationPortraitUpsideDown UIInterfaceOrientationLandscapeLeft UIInterfaceOrientationLandscapeRight";
				INFOPLIST_KEY_UISupportedInterfaceOrientations_iPhone = "UIInterfaceOrientationPortrait UIInterfaceOrientationLandscapeLeft UIInterfaceOrientationLandscapeRight";
				LD_RUNPATH_SEARCH_PATHS = (
					"$(inherited)",
					"@executable_path/Frameworks",
				);
				MARKETING_VERSION = 1.0;
				PRODUCT_BUNDLE_IDENTIFIER = com.test.ThreadsTutorial;
				PRODUCT_NAME = "$(TARGET_NAME)";
				SWIFT_EMIT_LOC_STRINGS = YES;
				SWIFT_VERSION = 5.0;
				TARGETED_DEVICE_FAMILY = "1,2";
			};
			name = Release;
		};
/* End XCBuildConfiguration section */

/* Begin XCConfigurationList section */
		0C51B4032ADBE2B2006A6C81 /* Build configuration list for PBXProject "ThreadsTutorial" */ = {
			isa = XCConfigurationList;
			buildConfigurations = (
				0C51B4142ADBE2B3006A6C81 /* Debug */,
				0C51B4152ADBE2B3006A6C81 /* Release */,
			);
			defaultConfigurationIsVisible = 0;
			defaultConfigurationName = Release;
		};
		0C51B4162ADBE2B3006A6C81 /* Build configuration list for PBXNativeTarget "ThreadsTutorial" */ = {
			isa = XCConfigurationList;
			buildConfigurations = (
				0C51B4172ADBE2B3006A6C81 /* Debug */,
				0C51B4182ADBE2B3006A6C81 /* Release */,
			);
			defaultConfigurationIsVisible = 0;
			defaultConfigurationName = Release;
		};
/* End XCConfigurationList section */

/* Begin XCRemoteSwiftPackageReference section */
		0CA3E6462AE461510073A392 /* XCRemoteSwiftPackageReference "firebase-ios-sdk" */ = {
			isa = XCRemoteSwiftPackageReference;
			repositoryURL = "https://github.com/firebase/firebase-ios-sdk";
			requirement = {
				kind = upToNextMajorVersion;
				minimumVersion = 10.16.0;
			};
		};
/* End XCRemoteSwiftPackageReference section */

/* Begin XCSwiftPackageProductDependency section */
		0CA3E6472AE461510073A392 /* FirebaseAnalytics */ = {
			isa = XCSwiftPackageProductDependency;
			package = 0CA3E6462AE461510073A392 /* XCRemoteSwiftPackageReference "firebase-ios-sdk" */;
			productName = FirebaseAnalytics;
		};
		0CA3E6492AE461510073A392 /* FirebaseAnalyticsOnDeviceConversion */ = {
			isa = XCSwiftPackageProductDependency;
			package = 0CA3E6462AE461510073A392 /* XCRemoteSwiftPackageReference "firebase-ios-sdk" */;
			productName = FirebaseAnalyticsOnDeviceConversion;
		};
		0CA3E64B2AE461510073A392 /* FirebaseAnalyticsSwift */ = {
			isa = XCSwiftPackageProductDependency;
			package = 0CA3E6462AE461510073A392 /* XCRemoteSwiftPackageReference "firebase-ios-sdk" */;
			productName = FirebaseAnalyticsSwift;
		};
		0CA3E64D2AE461510073A392 /* FirebaseAnalyticsWithoutAdIdSupport */ = {
			isa = XCSwiftPackageProductDependency;
			package = 0CA3E6462AE461510073A392 /* XCRemoteSwiftPackageReference "firebase-ios-sdk" */;
			productName = FirebaseAnalyticsWithoutAdIdSupport;
		};
		0CA3E64F2AE461510073A392 /* FirebaseAppCheck */ = {
			isa = XCSwiftPackageProductDependency;
			package = 0CA3E6462AE461510073A392 /* XCRemoteSwiftPackageReference "firebase-ios-sdk" */;
			productName = FirebaseAppCheck;
		};
		0CA3E6512AE461510073A392 /* FirebaseAppDistribution-Beta */ = {
			isa = XCSwiftPackageProductDependency;
			package = 0CA3E6462AE461510073A392 /* XCRemoteSwiftPackageReference "firebase-ios-sdk" */;
			productName = "FirebaseAppDistribution-Beta";
		};
		0CA3E6532AE461510073A392 /* FirebaseAuth */ = {
			isa = XCSwiftPackageProductDependency;
			package = 0CA3E6462AE461510073A392 /* XCRemoteSwiftPackageReference "firebase-ios-sdk" */;
			productName = FirebaseAuth;
		};
		0CA3E6552AE461510073A392 /* FirebaseAuthCombine-Community */ = {
			isa = XCSwiftPackageProductDependency;
			package = 0CA3E6462AE461510073A392 /* XCRemoteSwiftPackageReference "firebase-ios-sdk" */;
			productName = "FirebaseAuthCombine-Community";
		};
		0CA3E6572AE461510073A392 /* FirebaseCrashlytics */ = {
			isa = XCSwiftPackageProductDependency;
			package = 0CA3E6462AE461510073A392 /* XCRemoteSwiftPackageReference "firebase-ios-sdk" */;
			productName = FirebaseCrashlytics;
		};
		0CA3E6592AE461510073A392 /* FirebaseDatabase */ = {
			isa = XCSwiftPackageProductDependency;
			package = 0CA3E6462AE461510073A392 /* XCRemoteSwiftPackageReference "firebase-ios-sdk" */;
			productName = FirebaseDatabase;
		};
		0CA3E65B2AE461510073A392 /* FirebaseDatabaseSwift */ = {
			isa = XCSwiftPackageProductDependency;
			package = 0CA3E6462AE461510073A392 /* XCRemoteSwiftPackageReference "firebase-ios-sdk" */;
			productName = FirebaseDatabaseSwift;
		};
		0CA3E65D2AE461510073A392 /* FirebaseDynamicLinks */ = {
			isa = XCSwiftPackageProductDependency;
			package = 0CA3E6462AE461510073A392 /* XCRemoteSwiftPackageReference "firebase-ios-sdk" */;
			productName = FirebaseDynamicLinks;
		};
		0CA3E65F2AE461510073A392 /* FirebaseFirestore */ = {
			isa = XCSwiftPackageProductDependency;
			package = 0CA3E6462AE461510073A392 /* XCRemoteSwiftPackageReference "firebase-ios-sdk" */;
			productName = FirebaseFirestore;
		};
		0CA3E6612AE461510073A392 /* FirebaseFirestoreCombine-Community */ = {
			isa = XCSwiftPackageProductDependency;
			package = 0CA3E6462AE461510073A392 /* XCRemoteSwiftPackageReference "firebase-ios-sdk" */;
			productName = "FirebaseFirestoreCombine-Community";
		};
		0CA3E6632AE461510073A392 /* FirebaseFirestoreSwift */ = {
			isa = XCSwiftPackageProductDependency;
			package = 0CA3E6462AE461510073A392 /* XCRemoteSwiftPackageReference "firebase-ios-sdk" */;
			productName = FirebaseFirestoreSwift;
		};
		0CA3E6652AE461510073A392 /* FirebaseFunctions */ = {
			isa = XCSwiftPackageProductDependency;
			package = 0CA3E6462AE461510073A392 /* XCRemoteSwiftPackageReference "firebase-ios-sdk" */;
			productName = FirebaseFunctions;
		};
		0CA3E6672AE461510073A392 /* FirebaseFunctionsCombine-Community */ = {
			isa = XCSwiftPackageProductDependency;
			package = 0CA3E6462AE461510073A392 /* XCRemoteSwiftPackageReference "firebase-ios-sdk" */;
			productName = "FirebaseFunctionsCombine-Community";
		};
		0CA3E6692AE461510073A392 /* FirebaseInAppMessaging-Beta */ = {
			isa = XCSwiftPackageProductDependency;
			package = 0CA3E6462AE461510073A392 /* XCRemoteSwiftPackageReference "firebase-ios-sdk" */;
			productName = "FirebaseInAppMessaging-Beta";
		};
		0CA3E66B2AE461510073A392 /* FirebaseInAppMessagingSwift-Beta */ = {
			isa = XCSwiftPackageProductDependency;
			package = 0CA3E6462AE461510073A392 /* XCRemoteSwiftPackageReference "firebase-ios-sdk" */;
			productName = "FirebaseInAppMessagingSwift-Beta";
		};
		0CA3E66D2AE461510073A392 /* FirebaseInstallations */ = {
			isa = XCSwiftPackageProductDependency;
			package = 0CA3E6462AE461510073A392 /* XCRemoteSwiftPackageReference "firebase-ios-sdk" */;
			productName = FirebaseInstallations;
		};
		0CA3E66F2AE461510073A392 /* FirebaseMLModelDownloader */ = {
			isa = XCSwiftPackageProductDependency;
			package = 0CA3E6462AE461510073A392 /* XCRemoteSwiftPackageReference "firebase-ios-sdk" */;
			productName = FirebaseMLModelDownloader;
		};
		0CA3E6712AE461510073A392 /* FirebaseMessaging */ = {
			isa = XCSwiftPackageProductDependency;
			package = 0CA3E6462AE461510073A392 /* XCRemoteSwiftPackageReference "firebase-ios-sdk" */;
			productName = FirebaseMessaging;
		};
		0CA3E6732AE461510073A392 /* FirebasePerformance */ = {
			isa = XCSwiftPackageProductDependency;
			package = 0CA3E6462AE461510073A392 /* XCRemoteSwiftPackageReference "firebase-ios-sdk" */;
			productName = FirebasePerformance;
		};
		0CA3E6752AE461510073A392 /* FirebaseRemoteConfig */ = {
			isa = XCSwiftPackageProductDependency;
			package = 0CA3E6462AE461510073A392 /* XCRemoteSwiftPackageReference "firebase-ios-sdk" */;
			productName = FirebaseRemoteConfig;
		};
		0CA3E6772AE461510073A392 /* FirebaseRemoteConfigSwift */ = {
			isa = XCSwiftPackageProductDependency;
			package = 0CA3E6462AE461510073A392 /* XCRemoteSwiftPackageReference "firebase-ios-sdk" */;
			productName = FirebaseRemoteConfigSwift;
		};
		0CA3E6792AE461510073A392 /* FirebaseStorage */ = {
			isa = XCSwiftPackageProductDependency;
			package = 0CA3E6462AE461510073A392 /* XCRemoteSwiftPackageReference "firebase-ios-sdk" */;
			productName = FirebaseStorage;
		};
		0CA3E67B2AE461510073A392 /* FirebaseStorageCombine-Community */ = {
			isa = XCSwiftPackageProductDependency;
			package = 0CA3E6462AE461510073A392 /* XCRemoteSwiftPackageReference "firebase-ios-sdk" */;
			productName = "FirebaseStorageCombine-Community";
		};
/* End XCSwiftPackageProductDependency section */
	};
	rootObject = 0C51B4002ADBE2B2006A6C81 /* Project object */;
}
